
Microsoft Visual Studio Solution File, Format Version 12.00
# Visual Studio Version 17
VisualStudioVersion = 17.14.36414.22 d17.14
MinimumVisualStudioVersion = 10.0.40219.1
Project("{FAE04EC0-301F-11D3-BF4B-00C04F79EFBC}") = "Qly_Khohang", "Qly_Khohang\Qly_Khohang.csproj", "{42B099FC-A904-4C5D-8766-E467000FD7F5}"
EndProject
Global
	GlobalSection(SolutionConfigurationPlatforms) = preSolution
		Debug|Any CPU = Debug|Any CPU
		Release|Any CPU = Release|Any CPU
	EndGlobalSection
	GlobalSection(ProjectConfigurationPlatforms) = postSolution
		{42B099FC-A904-4C5D-8766-E467000FD7F5}.Debug|Any CPU.ActiveCfg = Debug|Any CPU
		{42B099FC-A904-4C5D-8766-E467000FD7F5}.Debug|Any CPU.Build.0 = Debug|Any CPU
		{42B099FC-A904-4C5D-8766-E467000FD7F5}.Release|Any CPU.ActiveCfg = Release|Any CPU
		{42B099FC-A904-4C5D-8766-E467000FD7F5}.Release|Any CPU.Build.0 = Release|Any CPU
	EndGlobalSection
	GlobalSection(SolutionProperties) = preSolution
		HideSolutionNode = FALSE
	EndGlobalSection
	GlobalSection(ExtensibilityGlobals) = postSolution
		SolutionGuid = {D72517A1-9BF6-4EC0-B630-30A298A091AB}
	EndGlobalSection
EndGlobal
